// !$*UTF8*$!
{
	archiveVersion = 1;
	classes = {
	};
	objectVersion = 77;
	objects = {

/* Begin PBXBuildFile section */
		1280E6622FBE85DF000A5D33 /* AppDelegate.swift in Sources */ = {isa = PBXBuildFile; fileRef = 1280E6612FBE85DF000A5D33 /* AppDelegate.swift */; };
		1280E6642FBE85DF000A5D33 /* SceneDelegate.swift in Sources */ = {isa = PBXBuildFile; fileRef = 1280E6632FBE85DF000A5D33 /* SceneDelegate.swift */; };
		1280E6672FBE85DF000A5D33 /* LaunchScreen.storyboard in Resources */ = {isa = PBXBuildFile; fileRef = 1280E6652FBE85DF000A5D33 /* LaunchScreen.storyboard */; };
		1280E66A2FBE85DF000A5D33 /* Main.storyboard in Resources */ = {isa = PBXBuildFile; fileRef = 1280E6682FBE85DF000A5D33 /* Main.storyboard */; };
		1280E6732FBE85DF000A5D33 /* AppDelegate.swift in Sources */ = {isa = PBXBuildFile; fileRef = 1280E6722FBE85DF000A5D33 /* AppDelegate.swift */; };
		1280E6762FBE85DF000A5D33 /* Main.storyboard in Resources */ = {isa = PBXBuildFile; fileRef = 1280E6742FBE85DF000A5D33 /* Main.storyboard */; };
		1280E67D2FBE85DF000A5D33 /* SponsorBlock for YouTube - Skip Sponsorships Extension.appex in Embed Foundation Extensions */ = {isa = PBXBuildFile; fileRef = 1280E67C2FBE85DF000A5D33 /* SponsorBlock for YouTube - Skip Sponsorships Extension.appex */; settings = {ATTRIBUTES = (RemoveHeadersOnCopy, ); }; };
		1280E6872FBE85DF000A5D33 /* SponsorBlock for YouTube - Skip Sponsorships Extension.appex in Embed Foundation Extensions */ = {isa = PBXBuildFile; fileRef = 1280E6862FBE85DF000A5D33 /* SponsorBlock for YouTube - Skip Sponsorships Extension.appex */; settings = {ATTRIBUTES = (RemoveHeadersOnCopy, ); }; };
		1280E68C2FBE85DF000A5D33 /* Main.html in Resources */ = {isa = PBXBuildFile; fileRef = 1280E6512FBE85DE000A5D33 /* Main.html */; };
		1280E68D2FBE85DF000A5D33 /* Main.html in Resources */ = {isa = PBXBuildFile; fileRef = 1280E6512FBE85DE000A5D33 /* Main.html */; };
		1280E68E2FBE85DF000A5D33 /* Icon.png in Resources */ = {isa = PBXBuildFile; fileRef = 1280E6532FBE85DE000A5D33 /* Icon.png */; };
		1280E68F2FBE85DF000A5D33 /* Icon.png in Resources */ = {isa = PBXBuildFile; fileRef = 1280E6532FBE85DE000A5D33 /* Icon.png */; };
		1280E6902FBE85DF000A5D33 /* Style.css in Resources */ = {isa = PBXBuildFile; fileRef = 1280E6542FBE85DE000A5D33 /* Style.css */; };
		1280E6912FBE85DF000A5D33 /* Style.css in Resources */ = {isa = PBXBuildFile; fileRef = 1280E6542FBE85DE000A5D33 /* Style.css */; };
		1280E6922FBE85DF000A5D33 /* Script.js in Resources */ = {isa = PBXBuildFile; fileRef = 1280E6552FBE85DE000A5D33 /* Script.js */; };
		1280E6932FBE85DF000A5D33 /* Script.js in Resources */ = {isa = PBXBuildFile; fileRef = 1280E6552FBE85DE000A5D33 /* Script.js */; };
		1280E6942FBE85DF000A5D33 /* ViewController.swift in Sources */ = {isa = PBXBuildFile; fileRef = 1280E6562FBE85DE000A5D33 /* ViewController.swift */; };
		1280E6952FBE85DF000A5D33 /* ViewController.swift in Sources */ = {isa = PBXBuildFile; fileRef = 1280E6562FBE85DE000A5D33 /* ViewController.swift */; };
		1280E6962FBE85DF000A5D33 /* Assets.xcassets in Resources */ = {isa = PBXBuildFile; fileRef = 1280E6572FBE85DF000A5D33 /* Assets.xcassets */; };
		1280E6972FBE85DF000A5D33 /* Assets.xcassets in Resources */ = {isa = PBXBuildFile; fileRef = 1280E6572FBE85DF000A5D33 /* Assets.xcassets */; };
		1280E6982FBE85DF000A5D33 /* SafariWebExtensionHandler.swift in Sources */ = {isa = PBXBuildFile; fileRef = 1280E6592FBE85DF000A5D33 /* SafariWebExtensionHandler.swift */; };
		1280E6992FBE85DF000A5D33 /* SafariWebExtensionHandler.swift in Sources */ = {isa = PBXBuildFile; fileRef = 1280E6592FBE85DF000A5D33 /* SafariWebExtensionHandler.swift */; };
		1280E6B92FBE85DF000A5D33 /* options in Resources */ = {isa = PBXBuildFile; fileRef = 1280E6AB2FBE85DF000A5D33 /* options */; };
		1280E6BA2FBE85DF000A5D33 /* res in Resources */ = {isa = PBXBuildFile; fileRef = 1280E6AC2FBE85DF000A5D33 /* res */; };
		1280E6BB2FBE85DF000A5D33 /* oss-attribution in Resources */ = {isa = PBXBuildFile; fileRef = 1280E6AD2FBE85DF000A5D33 /* oss-attribution */; };
		1280E6BC2FBE85DF000A5D33 /* content.css in Resources */ = {isa = PBXBuildFile; fileRef = 1280E6AE2FBE85DF000A5D33 /* content.css */; };
		1280E6BD2FBE85DF000A5D33 /* js in Resources */ = {isa = PBXBuildFile; fileRef = 1280E6AF2FBE85DF000A5D33 /* js */; };
		1280E6BE2FBE85DF000A5D33 /* popup.html in Resources */ = {isa = PBXBuildFile; fileRef = 1280E6B02FBE85DF000A5D33 /* popup.html */; };
		1280E6BF2FBE85DF000A5D33 /* shared.css in Resources */ = {isa = PBXBuildFile; fileRef = 1280E6B12FBE85DF000A5D33 /* shared.css */; };
		1280E6C02FBE85DF000A5D33 /* permissions in Resources */ = {isa = PBXBuildFile; fileRef = 1280E6B22FBE85DF000A5D33 /* permissions */; };
		1280E6C12FBE85DF000A5D33 /* libs in Resources */ = {isa = PBXBuildFile; fileRef = 1280E6B32FBE85DF000A5D33 /* libs */; };
		1280E6C22FBE85DF000A5D33 /* icons in Resources */ = {isa = PBXBuildFile; fileRef = 1280E6B42FBE85DF000A5D33 /* icons */; };
		1280E6C32FBE85DF000A5D33 /* manifest.json in Resources */ = {isa = PBXBuildFile; fileRef = 1280E6B52FBE85DF000A5D33 /* manifest.json */; };
		1280E6C42FBE85DF000A5D33 /* popup.css in Resources */ = {isa = PBXBuildFile; fileRef = 1280E6B62FBE85DF000A5D33 /* popup.css */; };
		1280E6C52FBE85DF000A5D33 /* _locales in Resources */ = {isa = PBXBuildFile; fileRef = 1280E6B72FBE85DF000A5D33 /* _locales */; };
		1280E6C62FBE85DF000A5D33 /* help in Resources */ = {isa = PBXBuildFile; fileRef = 1280E6B82FBE85DF000A5D33 /* help */; };
		1280E6C72FBE85DF000A5D33 /* options in Resources */ = {isa = PBXBuildFile; fileRef = 1280E6AB2FBE85DF000A5D33 /* options */; };
		1280E6C82FBE85DF000A5D33 /* res in Resources */ = {isa = PBXBuildFile; fileRef = 1280E6AC2FBE85DF000A5D33 /* res */; };
		1280E6C92FBE85DF000A5D33 /* oss-attribution in Resources */ = {isa = PBXBuildFile; fileRef = 1280E6AD2FBE85DF000A5D33 /* oss-attribution */; };
		1280E6CA2FBE85DF000A5D33 /* content.css in Resources */ = {isa = PBXBuildFile; fileRef = 1280E6AE2FBE85DF000A5D33 /* content.css */; };
		1280E6CB2FBE85DF000A5D33 /* js in Resources */ = {isa = PBXBuildFile; fileRef = 1280E6AF2FBE85DF000A5D33 /* js */; };
		1280E6CC2FBE85DF000A5D33 /* popup.html in Resources */ = {isa = PBXBuildFile; fileRef = 1280E6B02FBE85DF000A5D33 /* popup.html */; };
		1280E6CD2FBE85DF000A5D33 /* shared.css in Resources */ = {isa = PBXBuildFile; fileRef = 1280E6B12FBE85DF000A5D33 /* shared.css */; };
		1280E6CE2FBE85DF000A5D33 /* permissions in Resources */ = {isa = PBXBuildFile; fileRef = 1280E6B22FBE85DF000A5D33 /* permissions */; };
		1280E6CF2FBE85DF000A5D33 /* libs in Resources */ = {isa = PBXBuildFile; fileRef = 1280E6B32FBE85DF000A5D33 /* libs */; };
		1280E6D02FBE85DF000A5D33 /* icons in Resources */ = {isa = PBXBuildFile; fileRef = 1280E6B42FBE85DF000A5D33 /* icons */; };
		1280E6D12FBE85DF000A5D33 /* manifest.json in Resources */ = {isa = PBXBuildFile; fileRef = 1280E6B52FBE85DF000A5D33 /* manifest.json */; };
		1280E6D22FBE85DF000A5D33 /* popup.css in Resources */ = {isa = PBXBuildFile; fileRef = 1280E6B62FBE85DF000A5D33 /* popup.css */; };
		1280E6D32FBE85DF000A5D33 /* _locales in Resources */ = {isa = PBXBuildFile; fileRef = 1280E6B72FBE85DF000A5D33 /* _locales */; };
		1280E6D42FBE85DF000A5D33 /* help in Resources */ = {isa = PBXBuildFile; fileRef = 1280E6B82FBE85DF000A5D33 /* help */; };
/* End PBXBuildFile section */

/* Begin PBXContainerItemProxy section */
		1280E67E2FBE85DF000A5D33 /* PBXContainerItemProxy */ = {
			isa = PBXContainerItemProxy;
			containerPortal = 1280E64B2FBE85DD000A5D33 /* Project object */;
			proxyType = 1;
			remoteGlobalIDString = 1280E67B2FBE85DF000A5D33;
			remoteInfo = "SponsorBlock for YouTube - Skip Sponsorships Extension (iOS)";
		};
		1280E6882FBE85DF000A5D33 /* PBXContainerItemProxy */ = {
			isa = PBXContainerItemProxy;
			containerPortal = 1280E64B2FBE85DD000A5D33 /* Project object */;
			proxyType = 1;
			remoteGlobalIDString = 1280E6852FBE85DF000A5D33;
			remoteInfo = "SponsorBlock for YouTube - Skip Sponsorships Extension (macOS)";
		};
/* End PBXContainerItemProxy section */

/* Begin PBXCopyFilesBuildPhase section */
		1280E69F2FBE85DF000A5D33 /* Embed Foundation Extensions */ = {
			isa = PBXCopyFilesBuildPhase;
			buildActionMask = 2147483647;
			dstPath = "";
			dstSubfolderSpec = 13;
			files = (
				1280E67D2FBE85DF000A5D33 /* SponsorBlock for YouTube - Skip Sponsorships Extension.appex in Embed Foundation Extensions */,
			);
			name = "Embed Foundation Extensions";
			runOnlyForDeploymentPostprocessing = 0;
		};
		1280E6A62FBE85DF000A5D33 /* Embed Foundation Extensions */ = {
			isa = PBXCopyFilesBuildPhase;
			buildActionMask = 2147483647;
			dstPath = "";
			dstSubfolderSpec = 13;
			files = (
				1280E6872FBE85DF000A5D33 /* SponsorBlock for YouTube - Skip Sponsorships Extension.appex in Embed Foundation Extensions */,
			);
			name = "Embed Foundation Extensions";
			runOnlyForDeploymentPostprocessing = 0;
		};
/* End PBXCopyFilesBuildPhase section */

/* Begin PBXFileReference section */
		1280E6522FBE85DE000A5D33 /* Base */ = {isa = PBXFileReference; lastKnownFileType = text.html; name = Base; path = Base.lproj/Main.html; sourceTree = "<group>"; };
		1280E6532FBE85DE000A5D33 /* Icon.png */ = {isa = PBXFileReference; lastKnownFileType = image.png; path = Icon.png; sourceTree = "<group>"; };
		1280E6542FBE85DE000A5D33 /* Style.css */ = {isa = PBXFileReference; lastKnownFileType = text.css; path = Style.css; sourceTree = "<group>"; };
		1280E6552FBE85DE000A5D33 /* Script.js */ = {isa = PBXFileReference; lastKnownFileType = sourcecode.javascript; path = Script.js; sourceTree = "<group>"; };
		1280E6562FBE85DE000A5D33 /* ViewController.swift */ = {isa = PBXFileReference; lastKnownFileType = sourcecode.swift; path = ViewController.swift; sourceTree = "<group>"; };
		1280E6572FBE85DF000A5D33 /* Assets.xcassets */ = {isa = PBXFileReference; lastKnownFileType = folder.assetcatalog; path = Assets.xcassets; sourceTree = "<group>"; };
		1280E6592FBE85DF000A5D33 /* SafariWebExtensionHandler.swift */ = {isa = PBXFileReference; lastKnownFileType = sourcecode.swift; path = SafariWebExtensionHandler.swift; sourceTree = "<group>"; };
		1280E65E2FBE85DF000A5D33 /* SponsorBlock for YouTube - Skip Sponsorships.app */ = {isa = PBXFileReference; explicitFileType = wrapper.application; includeInIndex = 0; path = "SponsorBlock for YouTube - Skip Sponsorships.app"; sourceTree = BUILT_PRODUCTS_DIR; };
		1280E6612FBE85DF000A5D33 /* AppDelegate.swift */ = {isa = PBXFileReference; lastKnownFileType = sourcecode.swift; path = AppDelegate.swift; sourceTree = "<group>"; };
		1280E6632FBE85DF000A5D33 /* SceneDelegate.swift */ = {isa = PBXFileReference; lastKnownFileType = sourcecode.swift; path = SceneDelegate.swift; sourceTree = "<group>"; };
		1280E6662FBE85DF000A5D33 /* Base */ = {isa = PBXFileReference; lastKnownFileType = file.storyboard; name = Base; path = Base.lproj/LaunchScreen.storyboard; sourceTree = "<group>"; };
		1280E6692FBE85DF000A5D33 /* Base */ = {isa = PBXFileReference; lastKnownFileType = file.storyboard; name = Base; path = Base.lproj/Main.storyboard; sourceTree = "<group>"; };
		1280E66B2FBE85DF000A5D33 /* Info.plist */ = {isa = PBXFileReference; lastKnownFileType = text.plist.xml; path = Info.plist; sourceTree = "<group>"; };
		1280E6702FBE85DF000A5D33 /* SponsorBlock for YouTube - Skip Sponsorships.app */ = {isa = PBXFileReference; explicitFileType = wrapper.application; includeInIndex = 0; path = "SponsorBlock for YouTube - Skip Sponsorships.app"; sourceTree = BUILT_PRODUCTS_DIR; };
		1280E6722FBE85DF000A5D33 /* AppDelegate.swift */ = {isa = PBXFileReference; lastKnownFileType = sourcecode.swift; path = AppDelegate.swift; sourceTree = "<group>"; };
		1280E6752FBE85DF000A5D33 /* Base */ = {isa = PBXFileReference; lastKnownFileType = file.storyboard; name = Base; path = Base.lproj/Main.storyboard; sourceTree = "<group>"; };
		1280E6772FBE85DF000A5D33 /* Info.plist */ = {isa = PBXFileReference; lastKnownFileType = text.plist.xml; path = Info.plist; sourceTree = "<group>"; };
		1280E67C2FBE85DF000A5D33 /* SponsorBlock for YouTube - Skip Sponsorships Extension.appex */ = {isa = PBXFileReference; explicitFileType = "wrapper.app-extension"; includeInIndex = 0; path = "SponsorBlock for YouTube - Skip Sponsorships Extension.appex"; sourceTree = BUILT_PRODUCTS_DIR; };
		1280E6812FBE85DF000A5D33 /* Info.plist */ = {isa = PBXFileReference; lastKnownFileType = text.plist.xml; path = Info.plist; sourceTree = "<group>"; };
		1280E6862FBE85DF000A5D33 /* SponsorBlock for YouTube - Skip Sponsorships Extension.appex */ = {isa = PBXFileReference; explicitFileType = "wrapper.app-extension"; includeInIndex = 0; path = "SponsorBlock for YouTube - Skip Sponsorships Extension.appex"; sourceTree = BUILT_PRODUCTS_DIR; };
		1280E68B2FBE85DF000A5D33 /* Info.plist */ = {isa = PBXFileReference; lastKnownFileType = text.plist.xml; path = Info.plist; sourceTree = "<group>"; };
		1280E6AB2FBE85DF000A5D33 /* options */ = {isa = PBXFileReference; lastKnownFileType = folder; name = options; path = Resources/options; sourceTree = "<group>"; };
		1280E6AC2FBE85DF000A5D33 /* res */ = {isa = PBXFileReference; lastKnownFileType = folder; name = res; path = Resources/res; sourceTree = "<group>"; };
		1280E6AD2FBE85DF000A5D33 /* oss-attribution */ = {isa = PBXFileReference; lastKnownFileType = folder; name = "oss-attribution"; path = "Resources/oss-attribution"; sourceTree = "<group>"; };
		1280E6AE2FBE85DF000A5D33 /* content.css */ = {isa = PBXFileReference; lastKnownFileType = text.css; name = content.css; path = Resources/content.css; sourceTree = "<group>"; };
		1280E6AF2FBE85DF000A5D33 /* js */ = {isa = PBXFileReference; lastKnownFileType = folder; name = js; path = Resources/js; sourceTree = "<group>"; };
		1280E6B02FBE85DF000A5D33 /* popup.html */ = {isa = PBXFileReference; lastKnownFileType = text.html; name = popup.html; path = Resources/popup.html; sourceTree = "<group>"; };
		1280E6B12FBE85DF000A5D33 /* shared.css */ = {isa = PBXFileReference; lastKnownFileType = text.css; name = shared.css; path = Resources/shared.css; sourceTree = "<group>"; };
		1280E6B22FBE85DF000A5D33 /* permissions */ = {isa = PBXFileReference; lastKnownFileType = folder; name = permissions; path = Resources/permissions; sourceTree = "<group>"; };
		1280E6B32FBE85DF000A5D33 /* libs */ = {isa = PBXFileReference; lastKnownFileType = folder; name = libs; path = Resources/libs; sourceTree = "<group>"; };
		1280E6B42FBE85DF000A5D33 /* icons */ = {isa = PBXFileReference; lastKnownFileType = folder; name = icons; path = Resources/icons; sourceTree = "<group>"; };
		1280E6B52FBE85DF000A5D33 /* manifest.json */ = {isa = PBXFileReference; lastKnownFileType = text.json; name = manifest.json; path = Resources/manifest.json; sourceTree = "<group>"; };
		1280E6B62FBE85DF000A5D33 /* popup.css */ = {isa = PBXFileReference; lastKnownFileType = text.css; name = popup.css; path = Resources/popup.css; sourceTree = "<group>"; };
		1280E6B72FBE85DF000A5D33 /* _locales */ = {isa = PBXFileReference; lastKnownFileType = folder; name = _locales; path = Resources/_locales; sourceTree = "<group>"; };
		1280E6B82FBE85DF000A5D33 /* help */ = {isa = PBXFileReference; lastKnownFileType = folder; name = help; path = Resources/help; sourceTree = "<group>"; };
/* End PBXFileReference section */

/* Begin PBXFrameworksBuildPhase section */
		1280E65B2FBE85DF000A5D33 /* Frameworks */ = {
			isa = PBXFrameworksBuildPhase;
			buildActionMask = 2147483647;
			files = (
			);
			runOnlyForDeploymentPostprocessing = 0;
		};
		1280E66D2FBE85DF000A5D33 /* Frameworks */ = {
			isa = PBXFrameworksBuildPhase;
			buildActionMask = 2147483647;
			files = (
			);
			runOnlyForDeploymentPostprocessing = 0;
		};
		1280E6792FBE85DF000A5D33 /* Frameworks */ = {
			isa = PBXFrameworksBuildPhase;
			buildActionMask = 2147483647;
			files = (
			);
			runOnlyForDeploymentPostprocessing = 0;
		};
		1280E6832FBE85DF000A5D33 /* Frameworks */ = {
			isa = PBXFrameworksBuildPhase;
			buildActionMask = 2147483647;
			files = (
			);
			runOnlyForDeploymentPostprocessing = 0;
		};
/* End PBXFrameworksBuildPhase section */

/* Begin PBXGroup section */
		1280E64A2FBE85DD000A5D33 = {
			isa = PBXGroup;
			children = (
				1280E64F2FBE85DE000A5D33 /* Shared (App) */,
				1280E6582FBE85DF000A5D33 /* Shared (Extension) */,
				1280E6602FBE85DF000A5D33 /* iOS (App) */,
				1280E6712FBE85DF000A5D33 /* macOS (App) */,
				1280E6802FBE85DF000A5D33 /* iOS (Extension) */,
				1280E68A2FBE85DF000A5D33 /* macOS (Extension) */,
				1280E65F2FBE85DF000A5D33 /* Products */,
			);
			sourceTree = "<group>";
		};
		1280E64F2FBE85DE000A5D33 /* Shared (App) */ = {
			isa = PBXGroup;
			children = (
				1280E6562FBE85DE000A5D33 /* ViewController.swift */,
				1280E6572FBE85DF000A5D33 /* Assets.xcassets */,
				1280E6502FBE85DE000A5D33 /* Resources */,
			);
			path = "Shared (App)";
			sourceTree = "<group>";
		};
		1280E6502FBE85DE000A5D33 /* Resources */ = {
			isa = PBXGroup;
			children = (
				1280E6512FBE85DE000A5D33 /* Main.html */,
				1280E6532FBE85DE000A5D33 /* Icon.png */,
				1280E6542FBE85DE000A5D33 /* Style.css */,
				1280E6552FBE85DE000A5D33 /* Script.js */,
			);
			path = Resources;
			sourceTree = "<group>";
		};
		1280E6582FBE85DF000A5D33 /* Shared (Extension) */ = {
			isa = PBXGroup;
			children = (
				1280E6AA2FBE85DF000A5D33 /* Resources */,
				1280E6592FBE85DF000A5D33 /* SafariWebExtensionHandler.swift */,
			);
			path = "Shared (Extension)";
			sourceTree = "<group>";
		};
		1280E65F2FBE85DF000A5D33 /* Products */ = {
			isa = PBXGroup;
			children = (
				1280E65E2FBE85DF000A5D33 /* SponsorBlock for YouTube - Skip Sponsorships.app */,
				1280E6702FBE85DF000A5D33 /* SponsorBlock for YouTube - Skip Sponsorships.app */,
				1280E67C2FBE85DF000A5D33 /* SponsorBlock for YouTube - Skip Sponsorships Extension.appex */,
				1280E6862FBE85DF000A5D33 /* SponsorBlock for YouTube - Skip Sponsorships Extension.appex */,
			);
			name = Products;
			sourceTree = "<group>";
		};
		1280E6602FBE85DF000A5D33 /* iOS (App) */ = {
			isa = PBXGroup;
			children = (
				1280E6612FBE85DF000A5D33 /* AppDelegate.swift */,
				1280E6632FBE85DF000A5D33 /* SceneDelegate.swift */,
				1280E6652FBE85DF000A5D33 /* LaunchScreen.storyboard */,
				1280E6682FBE85DF000A5D33 /* Main.storyboard */,
				1280E66B2FBE85DF000A5D33 /* Info.plist */,
			);
			path = "iOS (App)";
			sourceTree = "<group>";
		};
		1280E6712FBE85DF000A5D33 /* macOS (App) */ = {
			isa = PBXGroup;
			children = (
				1280E6722FBE85DF000A5D33 /* AppDelegate.swift */,
				1280E6742FBE85DF000A5D33 /* Main.storyboard */,
				1280E6772FBE85DF000A5D33 /* Info.plist */,
			);
			path = "macOS (App)";
			sourceTree = "<group>";
		};
		1280E6802FBE85DF000A5D33 /* iOS (Extension) */ = {
			isa = PBXGroup;
			children = (
				1280E6812FBE85DF000A5D33 /* Info.plist */,
			);
			path = "iOS (Extension)";
			sourceTree = "<group>";
		};
		1280E68A2FBE85DF000A5D33 /* macOS (Extension) */ = {
			isa = PBXGroup;
			children = (
				1280E68B2FBE85DF000A5D33 /* Info.plist */,
			);
			path = "macOS (Extension)";
			sourceTree = "<group>";
		};
		1280E6AA2FBE85DF000A5D33 /* Resources */ = {
			isa = PBXGroup;
			children = (
				1280E6AB2FBE85DF000A5D33 /* options */,
				1280E6AC2FBE85DF000A5D33 /* res */,
				1280E6AD2FBE85DF000A5D33 /* oss-attribution */,
				1280E6AE2FBE85DF000A5D33 /* content.css */,
				1280E6AF2FBE85DF000A5D33 /* js */,
				1280E6B02FBE85DF000A5D33 /* popup.html */,
				1280E6B12FBE85DF000A5D33 /* shared.css */,
				1280E6B22FBE85DF000A5D33 /* permissions */,
				1280E6B32FBE85DF000A5D33 /* libs */,
				1280E6B42FBE85DF000A5D33 /* icons */,
				1280E6B52FBE85DF000A5D33 /* manifest.json */,
				1280E6B62FBE85DF000A5D33 /* popup.css */,
				1280E6B72FBE85DF000A5D33 /* _locales */,
				1280E6B82FBE85DF000A5D33 /* help */,
			);
			name = Resources;
			path = "Shared (Extension)";
			sourceTree = SOURCE_ROOT;
		};
/* End PBXGroup section */

/* Begin PBXNativeTarget section */
		1280E65D2FBE85DF000A5D33 /* SponsorBlock for YouTube - Skip Sponsorships (iOS) */ = {
			isa = PBXNativeTarget;
			buildConfigurationList = 1280E6A02FBE85DF000A5D33 /* Build configuration list for PBXNativeTarget "SponsorBlock for YouTube - Skip Sponsorships (iOS)" */;
			buildPhases = (
				1280E65A2FBE85DF000A5D33 /* Sources */,
				1280E65B2FBE85DF000A5D33 /* Frameworks */,
				1280E65C2FBE85DF000A5D33 /* Resources */,
				1280E69F2FBE85DF000A5D33 /* Embed Foundation Extensions */,
			);
			buildRules = (
			);
			dependencies = (
				1280E67F2FBE85DF000A5D33 /* PBXTargetDependency */,
			);
			name = "SponsorBlock for YouTube - Skip Sponsorships (iOS)";
			packageProductDependencies = (
			);
			productName = "SponsorBlock for YouTube - Skip Sponsorships (iOS)";
			productReference = 1280E65E2FBE85DF000A5D33 /* SponsorBlock for YouTube - Skip Sponsorships.app */;
			productType = "com.apple.product-type.application";
		};
		1280E66F2FBE85DF000A5D33 /* SponsorBlock for YouTube - Skip Sponsorships (macOS) */ = {
			isa = PBXNativeTarget;
			buildConfigurationList = 1280E6A72FBE85DF000A5D33 /* Build configuration list for PBXNativeTarget "SponsorBlock for YouTube - Skip Sponsorships (macOS)" */;
			buildPhases = (
				1280E66C2FBE85DF000A5D33 /* Sources */,
				1280E66D2FBE85DF000A5D33 /* Frameworks */,
				1280E66E2FBE85DF000A5D33 /* Resources */,
				1280E6A62FBE85DF000A5D33 /* Embed Foundation Extensions */,
			);
			buildRules = (
			);
			dependencies = (
				1280E6892FBE85DF000A5D33 /* PBXTargetDependency */,
			);
			name = "SponsorBlock for YouTube - Skip Sponsorships (macOS)";
			packageProductDependencies = (
			);
			productName = "SponsorBlock for YouTube - Skip Sponsorships (macOS)";
			productReference = 1280E6702FBE85DF000A5D33 /* SponsorBlock for YouTube - Skip Sponsorships.app */;
			productType = "com.apple.product-type.application";
		};
		1280E67B2FBE85DF000A5D33 /* SponsorBlock for YouTube - Skip Sponsorships Extension (iOS) */ = {
			isa = PBXNativeTarget;
			buildConfigurationList = 1280E69C2FBE85DF000A5D33 /* Build configuration list for PBXNativeTarget "SponsorBlock for YouTube - Skip Sponsorships Extension (iOS)" */;
			buildPhases = (
				1280E6782FBE85DF000A5D33 /* Sources */,
				1280E6792FBE85DF000A5D33 /* Frameworks */,
				1280E67A2FBE85DF000A5D33 /* Resources */,
			);
			buildRules = (
			);
			dependencies = (
			);
			name = "SponsorBlock for YouTube - Skip Sponsorships Extension (iOS)";
			packageProductDependencies = (
			);
			productName = "SponsorBlock for YouTube - Skip Sponsorships Extension (iOS)";
			productReference = 1280E67C2FBE85DF000A5D33 /* SponsorBlock for YouTube - Skip Sponsorships Extension.appex */;
			productType = "com.apple.product-type.app-extension";
		};
		1280E6852FBE85DF000A5D33 /* SponsorBlock for YouTube - Skip Sponsorships Extension (macOS) */ = {
			isa = PBXNativeTarget;
			buildConfigurationList = 1280E6A32FBE85DF000A5D33 /* Build configuration list for PBXNativeTarget "SponsorBlock for YouTube - Skip Sponsorships Extension (macOS)" */;
			buildPhases = (
				1280E6822FBE85DF000A5D33 /* Sources */,
				1280E6832FBE85DF000A5D33 /* Frameworks */,
				1280E6842FBE85DF000A5D33 /* Resources */,
			);
			buildRules = (
			);
			dependencies = (
			);
			name = "SponsorBlock for YouTube - Skip Sponsorships Extension (macOS)";
			packageProductDependencies = (
			);
			productName = "SponsorBlock for YouTube - Skip Sponsorships Extension (macOS)";
			productReference = 1280E6862FBE85DF000A5D33 /* SponsorBlock for YouTube - Skip Sponsorships Extension.appex */;
			productType = "com.apple.product-type.app-extension";
		};
/* End PBXNativeTarget section */

/* Begin PBXProject section */
		1280E64B2FBE85DD000A5D33 /* Project object */ = {
			isa = PBXProject;
			attributes = {
				BuildIndependentTargetsInParallel = 1;
				LastSwiftUpdateCheck = 2610;
				LastUpgradeCheck = 2610;
				TargetAttributes = {
					1280E65D2FBE85DF000A5D33 = {
						CreatedOnToolsVersion = 26.1.1;
					};
					1280E66F2FBE85DF000A5D33 = {
						CreatedOnToolsVersion = 26.1.1;
					};
					1280E67B2FBE85DF000A5D33 = {
						CreatedOnToolsVersion = 26.1.1;
					};
					1280E6852FBE85DF000A5D33 = {
						CreatedOnToolsVersion = 26.1.1;
					};
				};
			};
			buildConfigurationList = 1280E64E2FBE85DD000A5D33 /* Build configuration list for PBXProject "SponsorBlock for YouTube - Skip Sponsorships" */;
			developmentRegion = en;
			hasScannedForEncodings = 0;
			knownRegions = (
				en,
				Base,
			);
			mainGroup = 1280E64A2FBE85DD000A5D33;
			minimizedProjectReferenceProxies = 1;
			preferredProjectObjectVersion = 77;
			productRefGroup = 1280E65F2FBE85DF000A5D33 /* Products */;
			projectDirPath = "";
			projectRoot = "";
			targets = (
				1280E65D2FBE85DF000A5D33 /* SponsorBlock for YouTube - Skip Sponsorships (iOS) */,
				1280E66F2FBE85DF000A5D33 /* SponsorBlock for YouTube - Skip Sponsorships (macOS) */,
				1280E67B2FBE85DF000A5D33 /* SponsorBlock for YouTube - Skip Sponsorships Extension (iOS) */,
				1280E6852FBE85DF000A5D33 /* SponsorBlock for YouTube - Skip Sponsorships Extension (macOS) */,
			);
		};
/* End PBXProject section */

/* Begin PBXResourcesBuildPhase section */
		1280E65C2FBE85DF000A5D33 /* Resources */ = {
			isa = PBXResourcesBuildPhase;
			buildActionMask = 2147483647;
			files = (
				1280E68E2FBE85DF000A5D33 /* Icon.png in Resources */,
				1280E6672FBE85DF000A5D33 /* LaunchScreen.storyboard in Resources */,
				1280E68C2FBE85DF000A5D33 /* Main.html in Resources */,
				1280E6922FBE85DF000A5D33 /* Script.js in Resources */,
				1280E6962FBE85DF000A5D33 /* Assets.xcassets in Resources */,
				1280E66A2FBE85DF000A5D33 /* Main.storyboard in Resources */,
				1280E6902FBE85DF000A5D33 /* Style.css in Resources */,
			);
			runOnlyForDeploymentPostprocessing = 0;
		};
		1280E66E2FBE85DF000A5D33 /* Resources */ = {
			isa = PBXResourcesBuildPhase;
			buildActionMask = 2147483647;
			files = (
				1280E68F2FBE85DF000A5D33 /* Icon.png in Resources */,
				1280E6912FBE85DF000A5D33 /* Style.css in Resources */,
				1280E6762FBE85DF000A5D33 /* Main.storyboard in Resources */,
				1280E6932FBE85DF000A5D33 /* Script.js in Resources */,
				1280E6972FBE85DF000A5D33 /* Assets.xcassets in Resources */,
				1280E68D2FBE85DF000A5D33 /* Main.html in Resources */,
			);
			runOnlyForDeploymentPostprocessing = 0;
		};
		1280E67A2FBE85DF000A5D33 /* Resources */ = {
			isa = PBXResourcesBuildPhase;
			buildActionMask = 2147483647;
			files = (
				1280E6CB2FBE85DF000A5D33 /* js in Resources */,
				1280E6CF2FBE85DF000A5D33 /* libs in Resources */,
				1280E6CC2FBE85DF000A5D33 /* popup.html in Resources */,
				1280E6D02FBE85DF000A5D33 /* icons in Resources */,
				1280E6C92FBE85DF000A5D33 /* oss-attribution in Resources */,
				1280E6D12FBE85DF000A5D33 /* manifest.json in Resources */,
				1280E6CA2FBE85DF000A5D33 /* content.css in Resources */,
				1280E6C72FBE85DF000A5D33 /* options in Resources */,
				1280E6D22FBE85DF000A5D33 /* popup.css in Resources */,
				1280E6CD2FBE85DF000A5D33 /* shared.css in Resources */,
				1280E6C82FBE85DF000A5D33 /* res in Resources */,
				1280E6D42FBE85DF000A5D33 /* help in Resources */,
				1280E6D32FBE85DF000A5D33 /* _locales in Resources */,
				1280E6CE2FBE85DF000A5D33 /* permissions in Resources */,
			);
			runOnlyForDeploymentPostprocessing = 0;
		};
		1280E6842FBE85DF000A5D33 /* Resources */ = {
			isa = PBXResourcesBuildPhase;
			buildActionMask = 2147483647;
			files = (
				1280E6BD2FBE85DF000A5D33 /* js in Resources */,
				1280E6C12FBE85DF000A5D33 /* libs in Resources */,
				1280E6BE2FBE85DF000A5D33 /* popup.html in Resources */,
				1280E6C22FBE85DF000A5D33 /* icons in Resources */,
				1280E6BB2FBE85DF000A5D33 /* oss-attribution in Resources */,
				1280E6C32FBE85DF000A5D33 /* manifest.json in Resources */,
				1280E6BC2FBE85DF000A5D33 /* content.css in Resources */,
				1280E6B92FBE85DF000A5D33 /* options in Resources */,
				1280E6C42FBE85DF000A5D33 /* popup.css in Resources */,
				1280E6BF2FBE85DF000A5D33 /* shared.css in Resources */,
				1280E6BA2FBE85DF000A5D33 /* res in Resources */,
				1280E6C62FBE85DF000A5D33 /* help in Resources */,
				1280E6C52FBE85DF000A5D33 /* _locales in Resources */,
				1280E6C02FBE85DF000A5D33 /* permissions in Resources */,
			);
			runOnlyForDeploymentPostprocessing = 0;
		};
/* End PBXResourcesBuildPhase section */

/* Begin PBXSourcesBuildPhase section */
		1280E65A2FBE85DF000A5D33 /* Sources */ = {
			isa = PBXSourcesBuildPhase;
			buildActionMask = 2147483647;
			files = (
				1280E6942FBE85DF000A5D33 /* ViewController.swift in Sources */,
				1280E6622FBE85DF000A5D33 /* AppDelegate.swift in Sources */,
				1280E6642FBE85DF000A5D33 /* SceneDelegate.swift in Sources */,
			);
			runOnlyForDeploymentPostprocessing = 0;
		};
		1280E66C2FBE85DF000A5D33 /* Sources */ = {
			isa = PBXSourcesBuildPhase;
			buildActionMask = 2147483647;
			files = (
				1280E6952FBE85DF000A5D33 /* ViewController.swift in Sources */,
				1280E6732FBE85DF000A5D33 /* AppDelegate.swift in Sources */,
			);
			runOnlyForDeploymentPostprocessing = 0;
		};
		1280E6782FBE85DF000A5D33 /* Sources */ = {
			isa = PBXSourcesBuildPhase;
			buildActionMask = 2147483647;
			files = (
				1280E6982FBE85DF000A5D33 /* SafariWebExtensionHandler.swift in Sources */,
			);
			runOnlyForDeploymentPostprocessing = 0;
		};
		1280E6822FBE85DF000A5D33 /* Sources */ = {
			isa = PBXSourcesBuildPhase;
			buildActionMask = 2147483647;
			files = (
				1280E6992FBE85DF000A5D33 /* SafariWebExtensionHandler.swift in Sources */,
			);
			runOnlyForDeploymentPostprocessing = 0;
		};
/* End PBXSourcesBuildPhase section */

/* Begin PBXTargetDependency section */
		1280E67F2FBE85DF000A5D33 /* PBXTargetDependency */ = {
			isa = PBXTargetDependency;
			target = 1280E67B2FBE85DF000A5D33 /* SponsorBlock for YouTube - Skip Sponsorships Extension (iOS) */;
			targetProxy = 1280E67E2FBE85DF000A5D33 /* PBXContainerItemProxy */;
		};
		1280E6892FBE85DF000A5D33 /* PBXTargetDependency */ = {
			isa = PBXTargetDependency;
			target = 1280E6852FBE85DF000A5D33 /* SponsorBlock for YouTube - Skip Sponsorships Extension (macOS) */;
			targetProxy = 1280E6882FBE85DF000A5D33 /* PBXContainerItemProxy */;
		};
/* End PBXTargetDependency section */

/* Begin PBXVariantGroup section */
		1280E6512FBE85DE000A5D33 /* Main.html */ = {
			isa = PBXVariantGroup;
			children = (
				1280E6522FBE85DE000A5D33 /* Base */,
			);
			name = Main.html;
			sourceTree = "<group>";
		};
		1280E6652FBE85DF000A5D33 /* LaunchScreen.storyboard */ = {
			isa = PBXVariantGroup;
			children = (
				1280E6662FBE85DF000A5D33 /* Base */,
			);
			name = LaunchScreen.storyboard;
			sourceTree = "<group>";
		};
		1280E6682FBE85DF000A5D33 /* Main.storyboard */ = {
			isa = PBXVariantGroup;
			children = (
				1280E6692FBE85DF000A5D33 /* Base */,
			);
			name = Main.storyboard;
			sourceTree = "<group>";
		};
		1280E6742FBE85DF000A5D33 /* Main.storyboard */ = {
			isa = PBXVariantGroup;
			children = (
				1280E6752FBE85DF000A5D33 /* Base */,
			);
			name = Main.storyboard;
			sourceTree = "<group>";
		};
/* End PBXVariantGroup section */

/* Begin XCBuildConfiguration section */
		1280E69A2FBE85DF000A5D33 /* Debug */ = {
			isa = XCBuildConfiguration;
			buildSettings = {
				ALWAYS_SEARCH_USER_PATHS = NO;
				ASSETCATALOG_COMPILER_GENERATE_SWIFT_ASSET_SYMBOL_EXTENSIONS = YES;
				CLANG_ANALYZER_NONNULL = YES;
				CLANG_ANALYZER_NUMBER_OBJECT_CONVERSION = YES_AGGRESSIVE;
				CLANG_CXX_LANGUAGE_STANDARD = "gnu++20";
				CLANG_ENABLE_MODULES = YES;
				CLANG_ENABLE_OBJC_ARC = YES;
				CLANG_ENABLE_OBJC_WEAK = YES;
				CLANG_WARN_BLOCK_CAPTURE_AUTORELEASING = YES;
				CLANG_WARN_BOOL_CONVERSION = YES;
				CLANG_WARN_COMMA = YES;
				CLANG_WARN_CONSTANT_CONVERSION = YES;
				CLANG_WARN_DEPRECATED_OBJC_IMPLEMENTATIONS = YES;
				CLANG_WARN_DIRECT_OBJC_ISA_USAGE = YES_ERROR;
				CLANG_WARN_DOCUMENTATION_COMMENTS = YES;
				CLANG_WARN_EMPTY_BODY = YES;
				CLANG_WARN_ENUM_CONVERSION = YES;
				CLANG_WARN_INFINITE_RECURSION = YES;
				CLANG_WARN_INT_CONVERSION = YES;
				CLANG_WARN_NON_LITERAL_NULL_CONVERSION = YES;
				CLANG_WARN_OBJC_IMPLICIT_RETAIN_SELF = YES;
				CLANG_WARN_OBJC_LITERAL_CONVERSION = YES;
				CLANG_WARN_OBJC_ROOT_CLASS = YES_ERROR;
				CLANG_WARN_QUOTED_INCLUDE_IN_FRAMEWORK_HEADER = YES;
				CLANG_WARN_RANGE_LOOP_ANALYSIS = YES;
				CLANG_WARN_STRICT_PROTOTYPES = YES;
				CLANG_WARN_SUSPICIOUS_MOVE = YES;
				CLANG_WARN_UNGUARDED_AVAILABILITY = YES_AGGRESSIVE;
				CLANG_WARN_UNREACHABLE_CODE = YES;
				CLANG_WARN__DUPLICATE_METHOD_MATCH = YES;
				COPY_PHASE_STRIP = NO;
				DEBUG_INFORMATION_FORMAT = dwarf;
				ENABLE_STRICT_OBJC_MSGSEND = YES;
				ENABLE_TESTABILITY = YES;
				ENABLE_USER_SCRIPT_SANDBOXING = YES;
				GCC_C_LANGUAGE_STANDARD = gnu17;
				GCC_DYNAMIC_NO_PIC = NO;
				GCC_NO_COMMON_BLOCKS = YES;
				GCC_OPTIMIZATION_LEVEL = 0;
				GCC_PREPROCESSOR_DEFINITIONS = (
					"DEBUG=1",
					"$(inherited)",
				);
				GCC_WARN_64_TO_32_BIT_CONVERSION = YES;
				GCC_WARN_ABOUT_RETURN_TYPE = YES_ERROR;
				GCC_WARN_UNDECLARED_SELECTOR = YES;
				GCC_WARN_UNINITIALIZED_AUTOS = YES_AGGRESSIVE;
				GCC_WARN_UNUSED_FUNCTION = YES;
				GCC_WARN_UNUSED_VARIABLE = YES;
				LOCALIZATION_PREFERS_STRING_CATALOGS = YES;
				MTL_ENABLE_DEBUG_INFO = INCLUDE_SOURCE;
				MTL_FAST_MATH = YES;
				ONLY_ACTIVE_ARCH = YES;
				SWIFT_ACTIVE_COMPILATION_CONDITIONS = "DEBUG $(inherited)";
				SWIFT_OPTIMIZATION_LEVEL = "-Onone";
			};
			name = Debug;
		};
		1280E69B2FBE85DF000A5D33 /* Release */ = {
			isa = XCBuildConfiguration;
			buildSettings = {
				ALWAYS_SEARCH_USER_PATHS = NO;
				ASSETCATALOG_COMPILER_GENERATE_SWIFT_ASSET_SYMBOL_EXTENSIONS = YES;
				CLANG_ANALYZER_NONNULL = YES;
				CLANG_ANALYZER_NUMBER_OBJECT_CONVERSION = YES_AGGRESSIVE;
				CLANG_CXX_LANGUAGE_STANDARD = "gnu++20";
				CLANG_ENABLE_MODULES = YES;
				CLANG_ENABLE_OBJC_ARC = YES;
				CLANG_ENABLE_OBJC_WEAK = YES;
				CLANG_WARN_BLOCK_CAPTURE_AUTORELEASING = YES;
				CLANG_WARN_BOOL_CONVERSION = YES;
				CLANG_WARN_COMMA = YES;
				CLANG_WARN_CONSTANT_CONVERSION = YES;
				CLANG_WARN_DEPRECATED_OBJC_IMPLEMENTATIONS = YES;
				CLANG_WARN_DIRECT_OBJC_ISA_USAGE = YES_ERROR;
				CLANG_WARN_DOCUMENTATION_COMMENTS = YES;
				CLANG_WARN_EMPTY_BODY = YES;
				CLANG_WARN_ENUM_CONVERSION = YES;
				CLANG_WARN_INFINITE_RECURSION = YES;
				CLANG_WARN_INT_CONVERSION = YES;
				CLANG_WARN_NON_LITERAL_NULL_CONVERSION = YES;
				CLANG_WARN_OBJC_IMPLICIT_RETAIN_SELF = YES;
				CLANG_WARN_OBJC_LITERAL_CONVERSION = YES;
				CLANG_WARN_OBJC_ROOT_CLASS = YES_ERROR;
				CLANG_WARN_QUOTED_INCLUDE_IN_FRAMEWORK_HEADER = YES;
				CLANG_WARN_RANGE_LOOP_ANALYSIS = YES;
				CLANG_WARN_STRICT_PROTOTYPES = YES;
				CLANG_WARN_SUSPICIOUS_MOVE = YES;
				CLANG_WARN_UNGUARDED_AVAILABILITY = YES_AGGRESSIVE;
				CLANG_WARN_UNREACHABLE_CODE = YES;
				CLANG_WARN__DUPLICATE_METHOD_MATCH = YES;
				COPY_PHASE_STRIP = NO;
				DEBUG_INFORMATION_FORMAT = "dwarf-with-dsym";
				ENABLE_NS_ASSERTIONS = NO;
				ENABLE_STRICT_OBJC_MSGSEND = YES;
				ENABLE_USER_SCRIPT_SANDBOXING = YES;
				GCC_C_LANGUAGE_STANDARD = gnu17;
				GCC_NO_COMMON_BLOCKS = YES;
				GCC_WARN_64_TO_32_BIT_CONVERSION = YES;
				GCC_WARN_ABOUT_RETURN_TYPE = YES_ERROR;
				GCC_WARN_UNDECLARED_SELECTOR = YES;
				GCC_WARN_UNINITIALIZED_AUTOS = YES_AGGRESSIVE;
				GCC_WARN_UNUSED_FUNCTION = YES;
				GCC_WARN_UNUSED_VARIABLE = YES;
				LOCALIZATION_PREFERS_STRING_CATALOGS = YES;
				MTL_ENABLE_DEBUG_INFO = NO;
				MTL_FAST_MATH = YES;
				SWIFT_COMPILATION_MODE = wholemodule;
			};
			name = Release;
		};
		1280E69D2FBE85DF000A5D33 /* Debug */ = {
			isa = XCBuildConfiguration;
			buildSettings = {
				CODE_SIGN_STYLE = Automatic;
				CURRENT_PROJECT_VERSION = 1;
				GENERATE_INFOPLIST_FILE = YES;
				INFOPLIST_FILE = "iOS (Extension)/Info.plist";
				INFOPLIST_KEY_CFBundleDisplayName = "SponsorBlock for YouTube - Skip Sponsorships Extension";
				INFOPLIST_KEY_NSHumanReadableCopyright = "";
				IPHONEOS_DEPLOYMENT_TARGET = 15.0;
				LD_RUNPATH_SEARCH_PATHS = (
					"$(inherited)",
					"@executable_path/Frameworks",
					"@executable_path/../../Frameworks",
				);
				MARKETING_VERSION = 1.0;
				OTHER_LDFLAGS = (
					"-framework",
					SafariServices,
				);
				PRODUCT_BUNDLE_IDENTIFIER = app.ajay.sponsor.macos.Extension;
				PRODUCT_NAME = "SponsorBlock for YouTube - Skip Sponsorships Extension";
				SDKROOT = iphoneos;
				SKIP_INSTALL = YES;
				STRING_CATALOG_GENERATE_SYMBOLS = YES;
				SWIFT_APPROACHABLE_CONCURRENCY = YES;
				SWIFT_EMIT_LOC_STRINGS = YES;
				SWIFT_UPCOMING_FEATURE_MEMBER_IMPORT_VISIBILITY = YES;
				SWIFT_VERSION = 5.0;
				TARGETED_DEVICE_FAMILY = "1,2";
			};
			name = Debug;
		};
		1280E69E2FBE85DF000A5D33 /* Release */ = {
			isa = XCBuildConfiguration;
			buildSettings = {
				CODE_SIGN_STYLE = Automatic;
				CURRENT_PROJECT_VERSION = 1;
				GENERATE_INFOPLIST_FILE = YES;
				INFOPLIST_FILE = "iOS (Extension)/Info.plist";
				INFOPLIST_KEY_CFBundleDisplayName = "SponsorBlock for YouTube - Skip Sponsorships Extension";
				INFOPLIST_KEY_NSHumanReadableCopyright = "";
				IPHONEOS_DEPLOYMENT_TARGET = 15.0;
				LD_RUNPATH_SEARCH_PATHS = (
					"$(inherited)",
					"@executable_path/Frameworks",
					"@executable_path/../../Frameworks",
				);
				MARKETING_VERSION = 1.0;
				OTHER_LDFLAGS = (
					"-framework",
					SafariServices,
				);
				PRODUCT_BUNDLE_IDENTIFIER = app.ajay.sponsor.macos.Extension;
				PRODUCT_NAME = "SponsorBlock for YouTube - Skip Sponsorships Extension";
				SDKROOT = iphoneos;
				SKIP_INSTALL = YES;
				STRING_CATALOG_GENERATE_SYMBOLS = YES;
				SWIFT_APPROACHABLE_CONCURRENCY = YES;
				SWIFT_EMIT_LOC_STRINGS = YES;
				SWIFT_UPCOMING_FEATURE_MEMBER_IMPORT_VISIBILITY = YES;
				SWIFT_VERSION = 5.0;
				TARGETED_DEVICE_FAMILY = "1,2";
				VALIDATE_PRODUCT = YES;
			};
			name = Release;
		};
		1280E6A12FBE85DF000A5D33 /* Debug */ = {
			isa = XCBuildConfiguration;
			buildSettings = {
				ASSETCATALOG_COMPILER_APPICON_NAME = AppIcon;
				ASSETCATALOG_COMPILER_GLOBAL_ACCENT_COLOR_NAME = AccentColor;
				CODE_SIGN_STYLE = Automatic;
				CURRENT_PROJECT_VERSION = 1;
				GENERATE_INFOPLIST_FILE = YES;
				INFOPLIST_FILE = "iOS (App)/Info.plist";
				INFOPLIST_KEY_CFBundleDisplayName = "SponsorBlock for YouTube - Skip Sponsorships";
				INFOPLIST_KEY_UIApplicationSupportsIndirectInputEvents = YES;
				INFOPLIST_KEY_UILaunchStoryboardName = LaunchScreen;
				INFOPLIST_KEY_UIMainStoryboardFile = Main;
				INFOPLIST_KEY_UISupportedInterfaceOrientations = "UIInterfaceOrientationPortrait UIInterfaceOrientationLandscapeLeft UIInterfaceOrientationLandscapeRight";
				INFOPLIST_KEY_UISupportedInterfaceOrientations_iPad = "UIInterfaceOrientationPortrait UIInterfaceOrientationPortraitUpsideDown UIInterfaceOrientationLandscapeLeft UIInterfaceOrientationLandscapeRight";
				IPHONEOS_DEPLOYMENT_TARGET = 15.0;
				LD_RUNPATH_SEARCH_PATHS = (
					"$(inherited)",
					"@executable_path/Frameworks",
				);
				MARKETING_VERSION = 1.0;
				OTHER_LDFLAGS = (
					"-framework",
					SafariServices,
					"-framework",
					WebKit,
				);
				PRODUCT_BUNDLE_IDENTIFIER = app.ajay.sponsor.macos;
				PRODUCT_NAME = "SponsorBlock for YouTube - Skip Sponsorships";
				SDKROOT = iphoneos;
				STRING_CATALOG_GENERATE_SYMBOLS = YES;
				SWIFT_APPROACHABLE_CONCURRENCY = YES;
				SWIFT_DEFAULT_ACTOR_ISOLATION = MainActor;
				SWIFT_EMIT_LOC_STRINGS = YES;
				SWIFT_UPCOMING_FEATURE_MEMBER_IMPORT_VISIBILITY = YES;
				SWIFT_VERSION = 5.0;
				TARGETED_DEVICE_FAMILY = "1,2";
			};
			name = Debug;
		};
		1280E6A22FBE85DF000A5D33 /* Release */ = {
			isa = XCBuildConfiguration;
			buildSettings = {
				ASSETCATALOG_COMPILER_APPICON_NAME = AppIcon;
				ASSETCATALOG_COMPILER_GLOBAL_ACCENT_COLOR_NAME = AccentColor;
				CODE_SIGN_STYLE = Automatic;
				CURRENT_PROJECT_VERSION = 1;
				GENERATE_INFOPLIST_FILE = YES;
				INFOPLIST_FILE = "iOS (App)/Info.plist";
				INFOPLIST_KEY_CFBundleDisplayName = "SponsorBlock for YouTube - Skip Sponsorships";
				INFOPLIST_KEY_UIApplicationSupportsIndirectInputEvents = YES;
				INFOPLIST_KEY_UILaunchStoryboardName = LaunchScreen;
				INFOPLIST_KEY_UIMainStoryboardFile = Main;
				INFOPLIST_KEY_UISupportedInterfaceOrientations = "UIInterfaceOrientationPortrait UIInterfaceOrientationLandscapeLeft UIInterfaceOrientationLandscapeRight";
				INFOPLIST_KEY_UISupportedInterfaceOrientations_iPad = "UIInterfaceOrientationPortrait UIInterfaceOrientationPortraitUpsideDown UIInterfaceOrientationLandscapeLeft UIInterfaceOrientationLandscapeRight";
				IPHONEOS_DEPLOYMENT_TARGET = 15.0;
				LD_RUNPATH_SEARCH_PATHS = (
					"$(inherited)",
					"@executable_path/Frameworks",
				);
				MARKETING_VERSION = 1.0;
				OTHER_LDFLAGS = (
					"-framework",
					SafariServices,
					"-framework",
					WebKit,
				);
				PRODUCT_BUNDLE_IDENTIFIER = app.ajay.sponsor.macos;
				PRODUCT_NAME = "SponsorBlock for YouTube - Skip Sponsorships";
				SDKROOT = iphoneos;
				STRING_CATALOG_GENERATE_SYMBOLS = YES;
				SWIFT_APPROACHABLE_CONCURRENCY = YES;
				SWIFT_DEFAULT_ACTOR_ISOLATION = MainActor;
				SWIFT_EMIT_LOC_STRINGS = YES;
				SWIFT_UPCOMING_FEATURE_MEMBER_IMPORT_VISIBILITY = YES;
				SWIFT_VERSION = 5.0;
				TARGETED_DEVICE_FAMILY = "1,2";
				VALIDATE_PRODUCT = YES;
			};
			name = Release;
		};
		1280E6A42FBE85DF000A5D33 /* Debug */ = {
			isa = XCBuildConfiguration;
			buildSettings = {
				CODE_SIGN_STYLE = Automatic;
				CURRENT_PROJECT_VERSION = 1;
				ENABLE_APP_SANDBOX = YES;
				ENABLE_HARDENED_RUNTIME = YES;
				ENABLE_USER_SELECTED_FILES = readonly;
				GENERATE_INFOPLIST_FILE = YES;
				INFOPLIST_FILE = "macOS (Extension)/Info.plist";
				INFOPLIST_KEY_CFBundleDisplayName = "SponsorBlock for YouTube - Skip Sponsorships Extension";
				INFOPLIST_KEY_NSHumanReadableCopyright = "";
				LD_RUNPATH_SEARCH_PATHS = (
					"$(inherited)",
					"@executable_path/../Frameworks",
					"@executable_path/../../../../Frameworks",
				);
				MACOSX_DEPLOYMENT_TARGET = 10.14;
				MARKETING_VERSION = 1.0;
				OTHER_LDFLAGS = (
					"-framework",
					SafariServices,
				);
				PRODUCT_BUNDLE_IDENTIFIER = app.ajay.sponsor.macos.Extension;
				PRODUCT_NAME = "SponsorBlock for YouTube - Skip Sponsorships Extension";
				SDKROOT = macosx;
				SKIP_INSTALL = YES;
				STRING_CATALOG_GENERATE_SYMBOLS = YES;
				SWIFT_APPROACHABLE_CONCURRENCY = YES;
				SWIFT_EMIT_LOC_STRINGS = YES;
				SWIFT_UPCOMING_FEATURE_MEMBER_IMPORT_VISIBILITY = YES;
				SWIFT_VERSION = 5.0;
			};
			name = Debug;
		};
		1280E6A52FBE85DF000A5D33 /* Release */ = {
			isa = XCBuildConfiguration;
			buildSettings = {
				CODE_SIGN_STYLE = Automatic;
				CURRENT_PROJECT_VERSION = 1;
				ENABLE_APP_SANDBOX = YES;
				ENABLE_HARDENED_RUNTIME = YES;
				ENABLE_USER_SELECTED_FILES = readonly;
				GENERATE_INFOPLIST_FILE = YES;
				INFOPLIST_FILE = "macOS (Extension)/Info.plist";
				INFOPLIST_KEY_CFBundleDisplayName = "SponsorBlock for YouTube - Skip Sponsorships Extension";
				INFOPLIST_KEY_NSHumanReadableCopyright = "";
				LD_RUNPATH_SEARCH_PATHS = (
					"$(inherited)",
					"@executable_path/../Frameworks",
					"@executable_path/../../../../Frameworks",
				);
				MACOSX_DEPLOYMENT_TARGET = 10.14;
				MARKETING_VERSION = 1.0;
				OTHER_LDFLAGS = (
					"-framework",
					SafariServices,
				);
				PRODUCT_BUNDLE_IDENTIFIER = app.ajay.sponsor.macos.Extension;
				PRODUCT_NAME = "SponsorBlock for YouTube - Skip Sponsorships Extension";
				SDKROOT = macosx;
				SKIP_INSTALL = YES;
				STRING_CATALOG_GENERATE_SYMBOLS = YES;
				SWIFT_APPROACHABLE_CONCURRENCY = YES;
				SWIFT_EMIT_LOC_STRINGS = YES;
				SWIFT_UPCOMING_FEATURE_MEMBER_IMPORT_VISIBILITY = YES;
				SWIFT_VERSION = 5.0;
			};
			name = Release;
		};
		1280E6A82FBE85DF000A5D33 /* Debug */ = {
			isa = XCBuildConfiguration;
			buildSettings = {
				ASSETCATALOG_COMPILER_APPICON_NAME = AppIcon;
				ASSETCATALOG_COMPILER_GLOBAL_ACCENT_COLOR_NAME = AccentColor;
				CODE_SIGN_STYLE = Automatic;
				CURRENT_PROJECT_VERSION = 1;
				ENABLE_APP_SANDBOX = YES;
				ENABLE_HARDENED_RUNTIME = YES;
				ENABLE_OUTGOING_NETWORK_CONNECTIONS = YES;
				ENABLE_USER_SELECTED_FILES = readonly;
				GENERATE_INFOPLIST_FILE = YES;
				INFOPLIST_FILE = "macOS (App)/Info.plist";
				INFOPLIST_KEY_CFBundleDisplayName = "SponsorBlock for YouTube - Skip Sponsorships";
				INFOPLIST_KEY_NSMainStoryboardFile = Main;
				INFOPLIST_KEY_NSPrincipalClass = NSApplication;
				LD_RUNPATH_SEARCH_PATHS = (
					"$(inherited)",
					"@executable_path/../Frameworks",
				);
				MACOSX_DEPLOYMENT_TARGET = 10.14;
				MARKETING_VERSION = 1.0;
				OTHER_LDFLAGS = (
					"-framework",
					SafariServices,
					"-framework",
					WebKit,
				);
				PRODUCT_BUNDLE_IDENTIFIER = app.ajay.sponsor.macos;
				PRODUCT_NAME = "SponsorBlock for YouTube - Skip Sponsorships";
				REGISTER_APP_GROUPS = YES;
				SDKROOT = macosx;
				STRING_CATALOG_GENERATE_SYMBOLS = YES;
				SWIFT_APPROACHABLE_CONCURRENCY = YES;
				SWIFT_DEFAULT_ACTOR_ISOLATION = MainActor;
				SWIFT_EMIT_LOC_STRINGS = YES;
				SWIFT_UPCOMING_FEATURE_MEMBER_IMPORT_VISIBILITY = YES;
				SWIFT_VERSION = 5.0;
			};
			name = Debug;
		};
		1280E6A92FBE85DF000A5D33 /* Release */ = {
			isa = XCBuildConfiguration;
			buildSettings = {
				ASSETCATALOG_COMPILER_APPICON_NAME = AppIcon;
				ASSETCATALOG_COMPILER_GLOBAL_ACCENT_COLOR_NAME = AccentColor;
				CODE_SIGN_STYLE = Automatic;
				CURRENT_PROJECT_VERSION = 1;
				ENABLE_APP_SANDBOX = YES;
				ENABLE_HARDENED_RUNTIME = YES;
				ENABLE_OUTGOING_NETWORK_CONNECTIONS = YES;
				ENABLE_USER_SELECTED_FILES = readonly;
				GENERATE_INFOPLIST_FILE = YES;
				INFOPLIST_FILE = "macOS (App)/Info.plist";
				INFOPLIST_KEY_CFBundleDisplayName = "SponsorBlock for YouTube - Skip Sponsorships";
				INFOPLIST_KEY_NSMainStoryboardFile = Main;
				INFOPLIST_KEY_NSPrincipalClass = NSApplication;
				LD_RUNPATH_SEARCH_PATHS = (
					"$(inherited)",
					"@executable_path/../Frameworks",
				);
				MACOSX_DEPLOYMENT_TARGET = 10.14;
				MARKETING_VERSION = 1.0;
				OTHER_LDFLAGS = (
					"-framework",
					SafariServices,
					"-framework",
					WebKit,
				);
				PRODUCT_BUNDLE_IDENTIFIER = app.ajay.sponsor.macos;
				PRODUCT_NAME = "SponsorBlock for YouTube - Skip Sponsorships";
				REGISTER_APP_GROUPS = YES;
				SDKROOT = macosx;
				STRING_CATALOG_GENERATE_SYMBOLS = YES;
				SWIFT_APPROACHABLE_CONCURRENCY = YES;
				SWIFT_DEFAULT_ACTOR_ISOLATION = MainActor;
				SWIFT_EMIT_LOC_STRINGS = YES;
				SWIFT_UPCOMING_FEATURE_MEMBER_IMPORT_VISIBILITY = YES;
				SWIFT_VERSION = 5.0;
			};
			name = Release;
		};
/* End XCBuildConfiguration section */

/* Begin XCConfigurationList section */
		1280E64E2FBE85DD000A5D33 /* Build configuration list for PBXProject "SponsorBlock for YouTube - Skip Sponsorships" */ = {
			isa = XCConfigurationList;
			buildConfigurations = (
				1280E69A2FBE85DF000A5D33 /* Debug */,
				1280E69B2FBE85DF000A5D33 /* Release */,
			);
			defaultConfigurationIsVisible = 0;
			defaultConfigurationName = Release;
		};
		1280E69C2FBE85DF000A5D33 /* Build configuration list for PBXNativeTarget "SponsorBlock for YouTube - Skip Sponsorships Extension (iOS)" */ = {
			isa = XCConfigurationList;
			buildConfigurations = (
				1280E69D2FBE85DF000A5D33 /* Debug */,
				1280E69E2FBE85DF000A5D33 /* Release */,
			);
			defaultConfigurationIsVisible = 0;
			defaultConfigurationName = Release;
		};
		1280E6A02FBE85DF000A5D33 /* Build configuration list for PBXNativeTarget "SponsorBlock for YouTube - Skip Sponsorships (iOS)" */ = {
			isa = XCConfigurationList;
			buildConfigurations = (
				1280E6A12FBE85DF000A5D33 /* Debug */,
				1280E6A22FBE85DF000A5D33 /* Release */,
			);
			defaultConfigurationIsVisible = 0;
			defaultConfigurationName = Release;
		};
		1280E6A32FBE85DF000A5D33 /* Build configuration list for PBXNativeTarget "SponsorBlock for YouTube - Skip Sponsorships Extension (macOS)" */ = {
			isa = XCConfigurationList;
			buildConfigurations = (
				1280E6A42FBE85DF000A5D33 /* Debug */,
				1280E6A52FBE85DF000A5D33 /* Release */,
			);
			defaultConfigurationIsVisible = 0;
			defaultConfigurationName = Release;
		};
		1280E6A72FBE85DF000A5D33 /* Build configuration list for PBXNativeTarget "SponsorBlock for YouTube - Skip Sponsorships (macOS)" */ = {
			isa = XCConfigurationList;
			buildConfigurations = (
				1280E6A82FBE85DF000A5D33 /* Debug */,
				1280E6A92FBE85DF000A5D33 /* Release */,
			);
			defaultConfigurationIsVisible = 0;
			defaultConfigurationName = Release;
		};
/* End XCConfigurationList section */
	};
	rootObject = 1280E64B2FBE85DD000A5D33 /* Project object */;
}
